
Microsoft Visual Studio Solution File, Format Version 12.00
# Visual Studio Version 17
VisualStudioVersion = 17.10.35027.167
MinimumVisualStudioVersion = 10.0.40219.1
Project("{9A19103F-16F7-4668-BE54-9A1E7A4F7556}") = "Collectiv", "Collectiv\Collectiv.csproj", "{D6E1E3A8-5B43-4B78-9668-045039F0EAD5}"
EndProject
Project("{9A19103F-16F7-4668-BE54-9A1E7A4F7556}") = "Collectiv.FileServer", "Collectiv.FileServer\Collectiv.FileServer.csproj", "{FF684736-A403-4944-8AA6-D18261B5B49C}"
EndProject
Project("{9A19103F-16F7-4668-BE54-9A1E7A4F7556}") = "Collectiv.Common", "Collectiv.Common\Collectiv.Common.csproj", "{877ED62D-9F5B-43FF-AF49-1A8B94586E89}"
EndProject
Global
	GlobalSection(SolutionConfigurationPlatforms) = preSolution
		Debug|Any CPU = Debug|Any CPU
		Debug|ARM64 = Debug|ARM64
		Debug|x64 = Debug|x64
		Debug|x86 = Debug|x86
		Release|Any CPU = Release|Any CPU
		Release|ARM64 = Release|ARM64
		Release|x64 = Release|x64
		Release|x86 = Release|x86
		Unpackaged|Any CPU = Unpackaged|Any CPU
		Unpackaged|ARM64 = Unpackaged|ARM64
		Unpackaged|x64 = Unpackaged|x64
		Unpackaged|x86 = Unpackaged|x86
	EndGlobalSection
	GlobalSection(ProjectConfigurationPlatforms) = postSolution
		{D6E1E3A8-5B43-4B78-9668-045039F0EAD5}.Debug|Any CPU.ActiveCfg = Debug|Any CPU
		{D6E1E3A8-5B43-4B78-9668-045039F0EAD5}.Debug|Any CPU.Build.0 = Debug|Any CPU
		{D6E1E3A8-5B43-4B78-9668-045039F0EAD5}.Debug|Any CPU.Deploy.0 = Debug|Any CPU
		{D6E1E3A8-5B43-4B78-9668-045039F0EAD5}.Debug|ARM64.ActiveCfg = Debug|Any CPU
		{D6E1E3A8-5B43-4B78-9668-045039F0EAD5}.Debug|ARM64.Build.0 = Debug|Any CPU
		{D6E1E3A8-5B43-4B78-9668-045039F0EAD5}.Debug|ARM64.Deploy.0 = Debug|Any CPU
		{D6E1E3A8-5B43-4B78-9668-045039F0EAD5}.Debug|x64.ActiveCfg = Debug|Any CPU
		{D6E1E3A8-5B43-4B78-9668-045039F0EAD5}.Debug|x64.Build.0 = Debug|Any CPU
		{D6E1E3A8-5B43-4B78-9668-045039F0EAD5}.Debug|x64.Deploy.0 = Debug|Any CPU
		{D6E1E3A8-5B43-4B78-9668-045039F0EAD5}.Debug|x86.ActiveCfg = Debug|Any CPU
		{D6E1E3A8-5B43-4B78-9668-045039F0EAD5}.Debug|x86.Build.0 = Debug|Any CPU
		{D6E1E3A8-5B43-4B78-9668-045039F0EAD5}.Debug|x86.Deploy.0 = Debug|Any CPU
		{D6E1E3A8-5B43-4B78-9668-045039F0EAD5}.Release|Any CPU.ActiveCfg = Release|Any CPU
		{D6E1E3A8-5B43-4B78-9668-045039F0EAD5}.Release|Any CPU.Build.0 = Release|Any CPU
		{D6E1E3A8-5B43-4B78-9668-045039F0EAD5}.Release|Any CPU.Deploy.0 = Release|Any CPU
		{D6E1E3A8-5B43-4B78-9668-045039F0EAD5}.Release|ARM64.ActiveCfg = Release|Any CPU
		{D6E1E3A8-5B43-4B78-9668-045039F0EAD5}.Release|ARM64.Build.0 = Release|Any CPU
		{D6E1E3A8-5B43-4B78-9668-045039F0EAD5}.Release|ARM64.Deploy.0 = Release|Any CPU
		{D6E1E3A8-5B43-4B78-9668-045039F0EAD5}.Release|x64.ActiveCfg = Release|Any CPU
		{D6E1E3A8-5B43-4B78-9668-045039F0EAD5}.Release|x64.Build.0 = Release|Any CPU
		{D6E1E3A8-5B43-4B78-9668-045039F0EAD5}.Release|x64.Deploy.0 = Release|Any CPU
		{D6E1E3A8-5B43-4B78-9668-045039F0EAD5}.Release|x86.ActiveCfg = Release|Any CPU
		{D6E1E3A8-5B43-4B78-9668-045039F0EAD5}.Release|x86.Build.0 = Release|Any CPU
		{D6E1E3A8-5B43-4B78-9668-045039F0EAD5}.Release|x86.Deploy.0 = Release|Any CPU
		{D6E1E3A8-5B43-4B78-9668-045039F0EAD5}.Unpackaged|Any CPU.ActiveCfg = Unpackaged|Any CPU
		{D6E1E3A8-5B43-4B78-9668-045039F0EAD5}.Unpackaged|Any CPU.Build.0 = Unpackaged|Any CPU
		{D6E1E3A8-5B43-4B78-9668-045039F0EAD5}.Unpackaged|Any CPU.Deploy.0 = Unpackaged|Any CPU
		{D6E1E3A8-5B43-4B78-9668-045039F0EAD5}.Unpackaged|ARM64.ActiveCfg = Unpackaged|Any CPU
		{D6E1E3A8-5B43-4B78-9668-045039F0EAD5}.Unpackaged|ARM64.Build.0 = Unpackaged|Any CPU
		{D6E1E3A8-5B43-4B78-9668-045039F0EAD5}.Unpackaged|ARM64.Deploy.0 = Unpackaged|Any CPU
		{D6E1E3A8-5B43-4B78-9668-045039F0EAD5}.Unpackaged|x64.ActiveCfg = Unpackaged|Any CPU
		{D6E1E3A8-5B43-4B78-9668-045039F0EAD5}.Unpackaged|x64.Build.0 = Unpackaged|Any CPU
		{D6E1E3A8-5B43-4B78-9668-045039F0EAD5}.Unpackaged|x64.Deploy.0 = Unpackaged|Any CPU
		{D6E1E3A8-5B43-4B78-9668-045039F0EAD5}.Unpackaged|x86.ActiveCfg = Unpackaged|Any CPU
		{D6E1E3A8-5B43-4B78-9668-045039F0EAD5}.Unpackaged|x86.Build.0 = Unpackaged|Any CPU
		{D6E1E3A8-5B43-4B78-9668-045039F0EAD5}.Unpackaged|x86.Deploy.0 = Unpackaged|Any CPU
		{FF684736-A403-4944-8AA6-D18261B5B49C}.Debug|Any CPU.ActiveCfg = Debug|Any CPU
		{FF684736-A403-4944-8AA6-D18261B5B49C}.Debug|Any CPU.Build.0 = Debug|Any CPU
		{FF684736-A403-4944-8AA6-D18261B5B49C}.Debug|ARM64.ActiveCfg = Debug|Any CPU
		{FF684736-A403-4944-8AA6-D18261B5B49C}.Debug|ARM64.Build.0 = Debug|Any CPU
		{FF684736-A403-4944-8AA6-D18261B5B49C}.Debug|x64.ActiveCfg = Debug|Any CPU
		{FF684736-A403-4944-8AA6-D18261B5B49C}.Debug|x64.Build.0 = Debug|Any CPU
		{FF684736-A403-4944-8AA6-D18261B5B49C}.Debug|x86.ActiveCfg = Debug|Any CPU
		{FF684736-A403-4944-8AA6-D18261B5B49C}.Debug|x86.Build.0 = Debug|Any CPU
		{FF684736-A403-4944-8AA6-D18261B5B49C}.Release|Any CPU.ActiveCfg = Release|Any CPU
		{FF684736-A403-4944-8AA6-D18261B5B49C}.Release|Any CPU.Build.0 = Release|Any CPU
		{FF684736-A403-4944-8AA6-D18261B5B49C}.Release|ARM64.ActiveCfg = Release|Any CPU
		{FF684736-A403-4944-8AA6-D18261B5B49C}.Release|ARM64.Build.0 = Release|Any CPU
		{FF684736-A403-4944-8AA6-D18261B5B49C}.Release|x64.ActiveCfg = Release|Any CPU
		{FF684736-A403-4944-8AA6-D18261B5B49C}.Release|x64.Build.0 = Release|Any CPU
		{FF684736-A403-4944-8AA6-D18261B5B49C}.Release|x86.ActiveCfg = Release|Any CPU
		{FF684736-A403-4944-8AA6-D18261B5B49C}.Release|x86.Build.0 = Release|Any CPU
		{FF684736-A403-4944-8AA6-D18261B5B49C}.Unpackaged|Any CPU.ActiveCfg = Unpackaged|Any CPU
		{FF684736-A403-4944-8AA6-D18261B5B49C}.Unpackaged|Any CPU.Build.0 = Unpackaged|Any CPU
		{FF684736-A403-4944-8AA6-D18261B5B49C}.Unpackaged|ARM64.ActiveCfg = Unpackaged|Any CPU
		{FF684736-A403-4944-8AA6-D18261B5B49C}.Unpackaged|ARM64.Build.0 = Unpackaged|Any CPU
		{FF684736-A403-4944-8AA6-D18261B5B49C}.Unpackaged|x64.ActiveCfg = Unpackaged|Any CPU
		{FF684736-A403-4944-8AA6-D18261B5B49C}.Unpackaged|x64.Build.0 = Unpackaged|Any CPU
		{FF684736-A403-4944-8AA6-D18261B5B49C}.Unpackaged|x86.ActiveCfg = Unpackaged|Any CPU
		{FF684736-A403-4944-8AA6-D18261B5B49C}.Unpackaged|x86.Build.0 = Unpackaged|Any CPU
		{877ED62D-9F5B-43FF-AF49-1A8B94586E89}.Debug|Any CPU.ActiveCfg = Debug|Any CPU
		{877ED62D-9F5B-43FF-AF49-1A8B94586E89}.Debug|Any CPU.Build.0 = Debug|Any CPU
		{877ED62D-9F5B-43FF-AF49-1A8B94586E89}.Debug|ARM64.ActiveCfg = Debug|Any CPU
		{877ED62D-9F5B-43FF-AF49-1A8B94586E89}.Debug|ARM64.Build.0 = Debug|Any CPU
		{877ED62D-9F5B-43FF-AF49-1A8B94586E89}.Debug|x64.ActiveCfg = Debug|Any CPU
		{877ED62D-9F5B-43FF-AF49-1A8B94586E89}.Debug|x64.Build.0 = Debug|Any CPU
		{877ED62D-9F5B-43FF-AF49-1A8B94586E89}.Debug|x86.ActiveCfg = Debug|Any CPU
		{877ED62D-9F5B-43FF-AF49-1A8B94586E89}.Debug|x86.Build.0 = Debug|Any CPU
		{877ED62D-9F5B-43FF-AF49-1A8B94586E89}.Release|Any CPU.ActiveCfg = Release|Any CPU
		{877ED62D-9F5B-43FF-AF49-1A8B94586E89}.Release|Any CPU.Build.0 = Release|Any CPU
		{877ED62D-9F5B-43FF-AF49-1A8B94586E89}.Release|ARM64.ActiveCfg = Release|Any CPU
		{877ED62D-9F5B-43FF-AF49-1A8B94586E89}.Release|ARM64.Build.0 = Release|Any CPU
		{877ED62D-9F5B-43FF-AF49-1A8B94586E89}.Release|x64.ActiveCfg = Release|Any CPU
		{877ED62D-9F5B-43FF-AF49-1A8B94586E89}.Release|x64.Build.0 = Release|Any CPU
		{877ED62D-9F5B-43FF-AF49-1A8B94586E89}.Release|x86.ActiveCfg = Release|Any CPU
		{877ED62D-9F5B-43FF-AF49-1A8B94586E89}.Release|x86.Build.0 = Release|Any CPU
		{877ED62D-9F5B-43FF-AF49-1A8B94586E89}.Unpackaged|Any CPU.ActiveCfg = Unpackaged|Any CPU
		{877ED62D-9F5B-43FF-AF49-1A8B94586E89}.Unpackaged|Any CPU.Build.0 = Unpackaged|Any CPU
		{877ED62D-9F5B-43FF-AF49-1A8B94586E89}.Unpackaged|ARM64.ActiveCfg = Unpackaged|Any CPU
		{877ED62D-9F5B-43FF-AF49-1A8B94586E89}.Unpackaged|ARM64.Build.0 = Unpackaged|Any CPU
		{877ED62D-9F5B-43FF-AF49-1A8B94586E89}.Unpackaged|x64.ActiveCfg = Unpackaged|Any CPU
		{877ED62D-9F5B-43FF-AF49-1A8B94586E89}.Unpackaged|x64.Build.0 = Unpackaged|Any CPU
		{877ED62D-9F5B-43FF-AF49-1A8B94586E89}.Unpackaged|x86.ActiveCfg = Unpackaged|Any CPU
		{877ED62D-9F5B-43FF-AF49-1A8B94586E89}.Unpackaged|x86.Build.0 = Unpackaged|Any CPU
	EndGlobalSection
	GlobalSection(SolutionProperties) = preSolution
		HideSolutionNode = FALSE
	EndGlobalSection
	GlobalSection(ExtensibilityGlobals) = postSolution
		SolutionGuid = {983FC613-4D21-4A7A-8658-71DE582ADBF6}
	EndGlobalSection
EndGlobal
